
Microsoft Visual Studio Solution File, Format Version 12.00
# Visual Studio Version 17
VisualStudioVersion = 17.7.34009.444
MinimumVisualStudioVersion = 10.0.40219.1
Project("{FAE04EC0-301F-11D3-BF4B-00C04F79EFBC}") = "ClientesApp", "ClientesApp.csproj", "{4BC81F68-AAE7-4663-A7F2-F7A0106F260D}"
EndProject
Global
	GlobalSection(SolutionConfigurationPlatforms) = preSolution
		Debug|Any CPU = Debug|Any CPU
		Release|Any CPU = Release|Any CPU
	EndGlobalSection
	GlobalSection(ProjectConfigurationPlatforms) = postSolution
		{4BC81F68-AAE7-4663-A7F2-F7A0106F260D}.Debug|Any CPU.ActiveCfg = Debug|Any CPU
		{4BC81F68-AAE7-4663-A7F2-F7A0106F260D}.Debug|Any CPU.Build.0 = Debug|Any CPU
		{4BC81F68-AAE7-4663-A7F2-F7A0106F260D}.Release|Any CPU.ActiveCfg = Release|Any CPU
		{4BC81F68-AAE7-4663-A7F2-F7A0106F260D}.Release|Any CPU.Build.0 = Release|Any CPU
	EndGlobalSection
	GlobalSection(SolutionProperties) = preSolution
		HideSolutionNode = FALSE
	EndGlobalSection
	GlobalSection(ExtensibilityGlobals) = postSolution
		SolutionGuid = {BE430CDC-2B28-4A0F-85D6-5113CCB692D1}
	EndGlobalSection
EndGlobal
